PODS:
  - FontAwesome.swift (1.9.1)
  - NMapsMap (3.8.0)
  - RxCocoa (5.0.1):
    - RxRelay (~> 5)
    - RxSwift (~> 5)
  - RxRelay (5.0.1):
    - RxSwift (~> 5)
  - RxSwift (5.0.1)

DEPENDENCIES:
  - FontAwesome.swift
  - NMapsMap
  - RxCocoa (~> 5)
  - RxSwift (~> 5)

SPEC REPOS:
  trunk:
    - FontAwesome.swift
    - NMapsMap
    - RxCocoa
    - RxRelay
    - RxSwift

SPEC CHECKSUMS:
  FontAwesome.swift: 6b52cb7be66eacd28cbfaa0ca7ffd0de4a186a1d
  NMapsMap: b3633ad688483a318be9293aeddd323a714fb08b
  RxCocoa: e741b9749968e8a143e2b787f1dfbff2b63d0a5c
  RxRelay: 89d54507f4fd4d969e6ec1d4bd7f3673640b4640
  RxSwift: e2dc62b366a3adf6a0be44ba9f405efd4c94e0c4

PODFILE CHECKSUM: 7099d342365fa34fdff74300524ae71e1ab052d6

COCOAPODS: 1.10.1
